
Microsoft Visual Studio Solution File, Format Version 12.00
# Visual Studio 15
VisualStudioVersion = 15.0.28307.271
MinimumVisualStudioVersion = 10.0.40219.1
Project("{FAE04EC0-301F-11D3-BF4B-00C04F79EFBC}") = "Entities-POJO", "Entities-POJO\Entities-POJO.csproj", "{4C870F8A-1FC7-4222-8011-DB89A0C0A80C}"
EndProject
Project("{FAE04EC0-301F-11D3-BF4B-00C04F79EFBC}") = "DataAccess", "DataAccess\DataAccess.csproj", "{E6185855-F43E-4FC8-AB7A-F5F375A4A8AC}"
EndProject
Project("{FAE04EC0-301F-11D3-BF4B-00C04F79EFBC}") = "Exceptions", "Exceptions\Exceptions.csproj", "{FAA4C817-C26D-4E26-A7A3-99D6EC3C6F4F}"
EndProject
Project("{FAE04EC0-301F-11D3-BF4B-00C04F79EFBC}") = "WebAPI", "WebAPI\WebAPI.csproj", "{5B02BB42-9CD8-4383-B293-27585D36F556}"
EndProject
Project("{FAE04EC0-301F-11D3-BF4B-00C04F79EFBC}") = "CoreAPI", "CoreAPI\CoreAPI.csproj", "{22B9CD31-565B-4B4A-B4E7-4EC55AC7EE15}"
EndProject
Project("{FAE04EC0-301F-11D3-BF4B-00C04F79EFBC}") = "WebUI", "WebUI\WebUI.csproj", "{4C72EB35-085D-4A29-A24F-75A7862AA751}"
EndProject
Project("{2150E333-8FDC-42A3-9474-1A3956D46DE8}") = "1-Entities", "1-Entities", "{6C4CFF55-D4D8-4A1D-AB68-42E80DFC6EBC}"
EndProject
Project("{2150E333-8FDC-42A3-9474-1A3956D46DE8}") = "2-DataAccess", "2-DataAccess", "{3A924728-1CD6-43A1-87D2-05002F66044F}"
	ProjectSection(SolutionItems) = preProject
		Entities-POJO\User.cs = Entities-POJO\User.cs
	EndProjectSection
EndProject
Project("{2150E333-8FDC-42A3-9474-1A3956D46DE8}") = "3-Exceptions", "3-Exceptions", "{795A5654-E045-4BC4-901A-0FD7AA46A368}"
EndProject
Project("{2150E333-8FDC-42A3-9474-1A3956D46DE8}") = "4-API", "4-API", "{0ADA4657-875E-452B-80B9-40E9421DB181}"
EndProject
Project("{2150E333-8FDC-42A3-9474-1A3956D46DE8}") = "5-UI", "5-UI", "{A665B9B3-7EC8-47E8-8DB2-2F1D4AD1728B}"
EndProject
Project("{FAE04EC0-301F-11D3-BF4B-00C04F79EFBC}") = "Login", "Login\Login.csproj", "{A1B7FDEB-F9A5-4A94-8729-3963453495B0}"
EndProject
Global
	GlobalSection(SolutionConfigurationPlatforms) = preSolution
		Debug|Any CPU = Debug|Any CPU
		Release|Any CPU = Release|Any CPU
	EndGlobalSection
	GlobalSection(ProjectConfigurationPlatforms) = postSolution
		{4C870F8A-1FC7-4222-8011-DB89A0C0A80C}.Debug|Any CPU.ActiveCfg = Debug|Any CPU
		{4C870F8A-1FC7-4222-8011-DB89A0C0A80C}.Debug|Any CPU.Build.0 = Debug|Any CPU
		{4C870F8A-1FC7-4222-8011-DB89A0C0A80C}.Release|Any CPU.ActiveCfg = Release|Any CPU
		{4C870F8A-1FC7-4222-8011-DB89A0C0A80C}.Release|Any CPU.Build.0 = Release|Any CPU
		{E6185855-F43E-4FC8-AB7A-F5F375A4A8AC}.Debug|Any CPU.ActiveCfg = Debug|Any CPU
		{E6185855-F43E-4FC8-AB7A-F5F375A4A8AC}.Debug|Any CPU.Build.0 = Debug|Any CPU
		{E6185855-F43E-4FC8-AB7A-F5F375A4A8AC}.Release|Any CPU.ActiveCfg = Release|Any CPU
		{E6185855-F43E-4FC8-AB7A-F5F375A4A8AC}.Release|Any CPU.Build.0 = Release|Any CPU
		{FAA4C817-C26D-4E26-A7A3-99D6EC3C6F4F}.Debug|Any CPU.ActiveCfg = Debug|Any CPU
		{FAA4C817-C26D-4E26-A7A3-99D6EC3C6F4F}.Debug|Any CPU.Build.0 = Debug|Any CPU
		{FAA4C817-C26D-4E26-A7A3-99D6EC3C6F4F}.Release|Any CPU.ActiveCfg = Release|Any CPU
		{FAA4C817-C26D-4E26-A7A3-99D6EC3C6F4F}.Release|Any CPU.Build.0 = Release|Any CPU
		{5B02BB42-9CD8-4383-B293-27585D36F556}.Debug|Any CPU.ActiveCfg = Debug|Any CPU
		{5B02BB42-9CD8-4383-B293-27585D36F556}.Debug|Any CPU.Build.0 = Debug|Any CPU
		{5B02BB42-9CD8-4383-B293-27585D36F556}.Release|Any CPU.ActiveCfg = Release|Any CPU
		{5B02BB42-9CD8-4383-B293-27585D36F556}.Release|Any CPU.Build.0 = Release|Any CPU
		{22B9CD31-565B-4B4A-B4E7-4EC55AC7EE15}.Debug|Any CPU.ActiveCfg = Debug|Any CPU
		{22B9CD31-565B-4B4A-B4E7-4EC55AC7EE15}.Debug|Any CPU.Build.0 = Debug|Any CPU
		{22B9CD31-565B-4B4A-B4E7-4EC55AC7EE15}.Release|Any CPU.ActiveCfg = Release|Any CPU
		{22B9CD31-565B-4B4A-B4E7-4EC55AC7EE15}.Release|Any CPU.Build.0 = Release|Any CPU
		{4C72EB35-085D-4A29-A24F-75A7862AA751}.Debug|Any CPU.ActiveCfg = Debug|Any CPU
		{4C72EB35-085D-4A29-A24F-75A7862AA751}.Debug|Any CPU.Build.0 = Debug|Any CPU
		{4C72EB35-085D-4A29-A24F-75A7862AA751}.Release|Any CPU.ActiveCfg = Release|Any CPU
		{4C72EB35-085D-4A29-A24F-75A7862AA751}.Release|Any CPU.Build.0 = Release|Any CPU
		{A1B7FDEB-F9A5-4A94-8729-3963453495B0}.Debug|Any CPU.ActiveCfg = Debug|Any CPU
		{A1B7FDEB-F9A5-4A94-8729-3963453495B0}.Debug|Any CPU.Build.0 = Debug|Any CPU
		{A1B7FDEB-F9A5-4A94-8729-3963453495B0}.Release|Any CPU.ActiveCfg = Release|Any CPU
		{A1B7FDEB-F9A5-4A94-8729-3963453495B0}.Release|Any CPU.Build.0 = Release|Any CPU
	EndGlobalSection
	GlobalSection(SolutionProperties) = preSolution
		HideSolutionNode = FALSE
	EndGlobalSection
	GlobalSection(NestedProjects) = preSolution
		{4C870F8A-1FC7-4222-8011-DB89A0C0A80C} = {6C4CFF55-D4D8-4A1D-AB68-42E80DFC6EBC}
		{E6185855-F43E-4FC8-AB7A-F5F375A4A8AC} = {3A924728-1CD6-43A1-87D2-05002F66044F}
		{FAA4C817-C26D-4E26-A7A3-99D6EC3C6F4F} = {795A5654-E045-4BC4-901A-0FD7AA46A368}
		{5B02BB42-9CD8-4383-B293-27585D36F556} = {0ADA4657-875E-452B-80B9-40E9421DB181}
		{22B9CD31-565B-4B4A-B4E7-4EC55AC7EE15} = {0ADA4657-875E-452B-80B9-40E9421DB181}
		{4C72EB35-085D-4A29-A24F-75A7862AA751} = {A665B9B3-7EC8-47E8-8DB2-2F1D4AD1728B}
	EndGlobalSection
	GlobalSection(ExtensibilityGlobals) = postSolution
		SolutionGuid = {7AD635CD-8866-43DE-9C4E-13F20ACFE83C}
	EndGlobalSection
	GlobalSection(TeamFoundationVersionControl) = preSolution
		SccNumberOfProjects = 8
		SccEnterpriseProvider = {4CA58AB2-18FA-4F8D-95D4-32DDF27D184C}
		SccTeamFoundationServer = https://dev.azure.com/wizardco2019
		SccLocalPath0 = .
		SccProjectUniqueName1 = CoreAPI\\CoreAPI.csproj
		SccProjectTopLevelParentUniqueName1 = SafeFly.sln
		SccProjectName1 = CoreAPI
		SccLocalPath1 = CoreAPI
		SccProjectUniqueName2 = DataAccess\\DataAccess.csproj
		SccProjectTopLevelParentUniqueName2 = SafeFly.sln
		SccProjectName2 = DataAccess
		SccLocalPath2 = DataAccess
		SccProjectUniqueName3 = Entities-POJO\\Entities-POJO.csproj
		SccProjectTopLevelParentUniqueName3 = SafeFly.sln
		SccProjectName3 = Entities-POJO
		SccLocalPath3 = Entities-POJO
		SccProjectUniqueName4 = Exceptions\\Exceptions.csproj
		SccProjectTopLevelParentUniqueName4 = SafeFly.sln
		SccProjectName4 = Exceptions
		SccLocalPath4 = Exceptions
		SccProjectUniqueName5 = WebAPI\\WebAPI.csproj
		SccProjectTopLevelParentUniqueName5 = SafeFly.sln
		SccProjectName5 = WebAPI
		SccLocalPath5 = WebAPI
		SccProjectUniqueName6 = WebUI\\WebUI.csproj
		SccProjectTopLevelParentUniqueName6 = SafeFly.sln
		SccProjectName6 = WebUI
		SccLocalPath6 = WebUI
		SccProjectUniqueName7 = Login\\Login.csproj
		SccProjectName7 = Login
		SccLocalPath7 = Login
	EndGlobalSection
EndGlobal
